// !$*UTF8*$!
{
	archiveVersion = 1;
	classes = {
	};
	objectVersion = 46;
	objects = {

/* Begin PBXBuildFile section */
		B671B7191B3BB95600CBB7FC /* firstTab.png in Resources */ = {isa = PBXBuildFile; fileRef = B671B7151B3BB95600CBB7FC /* firstTab.png */; settings = {ASSET_TAGS = (cmmm, d, ); }; };
		B671B71A1B3BB95600CBB7FC /* firstTab@2x.png in Resources */ = {isa = PBXBuildFile; fileRef = B671B7161B3BB95600CBB7FC /* firstTab@2x.png */; };
		B671B71B1B3BB95600CBB7FC /* secondTab.png in Resources */ = {isa = PBXBuildFile; fileRef = B671B7171B3BB95600CBB7FC /* secondTab.png */; };
		B671B71C1B3BB95600CBB7FC /* secondTab@2x.png in Resources */ = {isa = PBXBuildFile; fileRef = B671B7181B3BB95600CBB7FC /* secondTab@2x.png */; };
		B671B71F1B3BBB2200CBB7FC /* thirdTab.png in Resources */ = {isa = PBXBuildFile; fileRef = B671B71D1B3BBB2200CBB7FC /* thirdTab.png */; };
		B671B7201B3BBB2200CBB7FC /* thirdTab@2x.png in Resources */ = {isa = PBXBuildFile; fileRef = B671B71E1B3BBB2200CBB7FC /* thirdTab@2x.png */; };
		B671B7231B3BD97100CBB7FC /* ThirdViewController.m in Sources */ = {isa = PBXBuildFile; fileRef = B671B7221B3BD97100CBB7FC /* ThirdViewController.m */; };
		B671B7261B3BFE0000CBB7FC /* VideoPlayerView.m in Sources */ = {isa = PBXBuildFile; fileRef = B671B7251B3BFE0000CBB7FC /* VideoPlayerView.m */; };
		B671B7281B3C03BC00CBB7FC /* BBB.mp4 in Resources */ = {isa = PBXBuildFile; fileRef = B671B7271B3C03BC00CBB7FC /* BBB.mp4 */; };
		B671B73C1B3D2F1A00CBB7FC /* ClockView.m in Sources */ = {isa = PBXBuildFile; fileRef = B671B73B1B3D2F1A00CBB7FC /* ClockView.m */; };
		B6CA03DA1B3AB70C001EC429 /* main.m in Sources */ = {isa = PBXBuildFile; fileRef = B6CA03D91B3AB70C001EC429 /* main.m */; };
		B6CA03DD1B3AB70C001EC429 /* AppDelegate.m in Sources */ = {isa = PBXBuildFile; fileRef = B6CA03DC1B3AB70C001EC429 /* AppDelegate.m */; };
		B6CA03E01B3AB70C001EC429 /* FirstViewController.m in Sources */ = {isa = PBXBuildFile; fileRef = B6CA03DF1B3AB70C001EC429 /* FirstViewController.m */; };
		B6CA03E31B3AB70C001EC429 /* SecondViewController.m in Sources */ = {isa = PBXBuildFile; fileRef = B6CA03E21B3AB70C001EC429 /* SecondViewController.m */; };
		B6CA03E81B3AB70C001EC429 /* Assets.xcassets in Resources */ = {isa = PBXBuildFile; fileRef = B6CA03E71B3AB70C001EC429 /* Assets.xcassets */; };
		B6CA03EB1B3AB70C001EC429 /* LaunchScreen.storyboard in Resources */ = {isa = PBXBuildFile; fileRef = B6CA03E91B3AB70C001EC429 /* LaunchScreen.storyboard */; };
		B6CA03FB1B3ABA27001EC429 /* ranking_p_n.png in Resources */ = {isa = PBXBuildFile; fileRef = B6CA03F31B3ABA27001EC429 /* ranking_p_n.png */; };
		B6CA03FC1B3ABA27001EC429 /* ranking_p_n@3x.png in Resources */ = {isa = PBXBuildFile; fileRef = B6CA03F41B3ABA27001EC429 /* ranking_p_n@3x.png */; };
		B6CA04091B3AC14A001EC429 /* RootViewController.m in Sources */ = {isa = PBXBuildFile; fileRef = B6CA04081B3AC14A001EC429 /* RootViewController.m */; };
/* End PBXBuildFile section */

/* Begin PBXFileReference section */
		B671B7151B3BB95600CBB7FC /* firstTab.png */ = {isa = PBXFileReference; lastKnownFileType = image.png; path = firstTab.png; sourceTree = "<group>"; };
		B671B7161B3BB95600CBB7FC /* firstTab@2x.png */ = {isa = PBXFileReference; lastKnownFileType = image.png; path = "firstTab@2x.png"; sourceTree = "<group>"; };
		B671B7171B3BB95600CBB7FC /* secondTab.png */ = {isa = PBXFileReference; lastKnownFileType = image.png; path = secondTab.png; sourceTree = "<group>"; };
		B671B7181B3BB95600CBB7FC /* secondTab@2x.png */ = {isa = PBXFileReference; lastKnownFileType = image.png; path = "secondTab@2x.png"; sourceTree = "<group>"; };
		B671B71D1B3BBB2200CBB7FC /* thirdTab.png */ = {isa = PBXFileReference; lastKnownFileType = image.png; path = thirdTab.png; sourceTree = "<group>"; };
		B671B71E1B3BBB2200CBB7FC /* thirdTab@2x.png */ = {isa = PBXFileReference; lastKnownFileType = image.png; path = "thirdTab@2x.png"; sourceTree = "<group>"; };
		B671B7211B3BD97100CBB7FC /* ThirdViewController.h */ = {isa = PBXFileReference; fileEncoding = 4; lastKnownFileType = sourcecode.c.h; path = ThirdViewController.h; sourceTree = "<group>"; };
		B671B7221B3BD97100CBB7FC /* ThirdViewController.m */ = {isa = PBXFileReference; fileEncoding = 4; lastKnownFileType = sourcecode.c.objc; path = ThirdViewController.m; sourceTree = "<group>"; };
		B671B7241B3BFE0000CBB7FC /* VideoPlayerView.h */ = {isa = PBXFileReference; fileEncoding = 4; lastKnownFileType = sourcecode.c.h; path = VideoPlayerView.h; sourceTree = "<group>"; };
		B671B7251B3BFE0000CBB7FC /* VideoPlayerView.m */ = {isa = PBXFileReference; fileEncoding = 4; lastKnownFileType = sourcecode.c.objc; path = VideoPlayerView.m; sourceTree = "<group>"; };
		B671B7271B3C03BC00CBB7FC /* BBB.mp4 */ = {isa = PBXFileReference; lastKnownFileType = file; path = BBB.mp4; sourceTree = "<group>"; };
		B671B73A1B3D2F1A00CBB7FC /* ClockView.h */ = {isa = PBXFileReference; fileEncoding = 4; lastKnownFileType = sourcecode.c.h; path = ClockView.h; sourceTree = "<group>"; };
		B671B73B1B3D2F1A00CBB7FC /* ClockView.m */ = {isa = PBXFileReference; fileEncoding = 4; lastKnownFileType = sourcecode.c.objc; path = ClockView.m; sourceTree = "<group>"; };
		B6CA03D51B3AB70C001EC429 /* demo.app */ = {isa = PBXFileReference; explicitFileType = wrapper.application; includeInIndex = 0; path = demo.app; sourceTree = BUILT_PRODUCTS_DIR; };
		B6CA03D91B3AB70C001EC429 /* main.m */ = {isa = PBXFileReference; lastKnownFileType = sourcecode.c.objc; path = main.m; sourceTree = "<group>"; };
		B6CA03DB1B3AB70C001EC429 /* AppDelegate.h */ = {isa = PBXFileReference; lastKnownFileType = sourcecode.c.h; path = AppDelegate.h; sourceTree = "<group>"; };
		B6CA03DC1B3AB70C001EC429 /* AppDelegate.m */ = {isa = PBXFileReference; lastKnownFileType = sourcecode.c.objc; path = AppDelegate.m; sourceTree = "<group>"; };
		B6CA03DE1B3AB70C001EC429 /* FirstViewController.h */ = {isa = PBXFileReference; lastKnownFileType = sourcecode.c.h; path = FirstViewController.h; sourceTree = "<group>"; };
		B6CA03DF1B3AB70C001EC429 /* FirstViewController.m */ = {isa = PBXFileReference; lastKnownFileType = sourcecode.c.objc; path = FirstViewController.m; sourceTree = "<group>"; };
		B6CA03E11B3AB70C001EC429 /* SecondViewController.h */ = {isa = PBXFileReference; lastKnownFileType = sourcecode.c.h; path = SecondViewController.h; sourceTree = "<group>"; };
		B6CA03E21B3AB70C001EC429 /* SecondViewController.m */ = {isa = PBXFileReference; lastKnownFileType = sourcecode.c.objc; path = SecondViewController.m; sourceTree = "<group>"; };
		B6CA03E71B3AB70C001EC429 /* Assets.xcassets */ = {isa = PBXFileReference; lastKnownFileType = folder.assetcatalog; path = Assets.xcassets; sourceTree = "<group>"; };
		B6CA03EA1B3AB70C001EC429 /* Base */ = {isa = PBXFileReference; lastKnownFileType = file.storyboard; name = Base; path = Base.lproj/LaunchScreen.storyboard; sourceTree = "<group>"; };
		B6CA03EC1B3AB70C001EC429 /* Info.plist */ = {isa = PBXFileReference; lastKnownFileType = text.plist.xml; path = Info.plist; sourceTree = "<group>"; };
		B6CA03F31B3ABA27001EC429 /* ranking_p_n.png */ = {isa = PBXFileReference; lastKnownFileType = image.png; path = ranking_p_n.png; sourceTree = "<group>"; };
		B6CA03F41B3ABA27001EC429 /* ranking_p_n@3x.png */ = {isa = PBXFileReference; lastKnownFileType = image.png; path = "ranking_p_n@3x.png"; sourceTree = "<group>"; };
		B6CA04071B3AC14A001EC429 /* RootViewController.h */ = {isa = PBXFileReference; fileEncoding = 4; lastKnownFileType = sourcecode.c.h; path = RootViewController.h; sourceTree = "<group>"; };
		B6CA04081B3AC14A001EC429 /* RootViewController.m */ = {isa = PBXFileReference; fileEncoding = 4; lastKnownFileType = sourcecode.c.objc; path = RootViewController.m; sourceTree = "<group>"; };
/* End PBXFileReference section */

/* Begin PBXFrameworksBuildPhase section */
		B6CA03D21B3AB70C001EC429 /* Frameworks */ = {
			isa = PBXFrameworksBuildPhase;
			buildActionMask = 2147483647;
			files = (
			);
			runOnlyForDeploymentPostprocessing = 0;
		};
/* End PBXFrameworksBuildPhase section */

/* Begin PBXGroup section */
		B671B7391B3D2ED500CBB7FC /* Views */ = {
			isa = PBXGroup;
			children = (
				B671B73A1B3D2F1A00CBB7FC /* ClockView.h */,
				B671B73B1B3D2F1A00CBB7FC /* ClockView.m */,
				B671B7241B3BFE0000CBB7FC /* VideoPlayerView.h */,
				B671B7251B3BFE0000CBB7FC /* VideoPlayerView.m */,
			);
			name = Views;
			sourceTree = "<group>";
		};
		B6CA03CC1B3AB70C001EC429 = {
			isa = PBXGroup;
			children = (
				B6CA03D71B3AB70C001EC429 /* demo */,
				B6CA03D61B3AB70C001EC429 /* Products */,
			);
			sourceTree = "<group>";
		};
		B6CA03D61B3AB70C001EC429 /* Products */ = {
			isa = PBXGroup;
			children = (
				B6CA03D51B3AB70C001EC429 /* demo.app */,
			);
			name = Products;
			sourceTree = "<group>";
		};
		B6CA03D71B3AB70C001EC429 /* demo */ = {
			isa = PBXGroup;
			children = (
				B671B7391B3D2ED500CBB7FC /* Views */,
				B6CA04031B3ABFF6001EC429 /* ViewController */,
				B6CA03F21B3ABA27001EC429 /* Images */,
				B6CA03DB1B3AB70C001EC429 /* AppDelegate.h */,
				B6CA03DC1B3AB70C001EC429 /* AppDelegate.m */,
				B6CA03E71B3AB70C001EC429 /* Assets.xcassets */,
				B6CA03E91B3AB70C001EC429 /* LaunchScreen.storyboard */,
				B6CA03EC1B3AB70C001EC429 /* Info.plist */,
				B6CA03D81B3AB70C001EC429 /* Supporting Files */,
			);
			path = demo;
			sourceTree = "<group>";
		};
		B6CA03D81B3AB70C001EC429 /* Supporting Files */ = {
			isa = PBXGroup;
			children = (
				B6CA03D91B3AB70C001EC429 /* main.m */,
			);
			name = "Supporting Files";
			sourceTree = "<group>";
		};
		B6CA03F21B3ABA27001EC429 /* Images */ = {
			isa = PBXGroup;
			children = (
				B671B7271B3C03BC00CBB7FC /* BBB.mp4 */,
				B671B7151B3BB95600CBB7FC /* firstTab.png */,
				B671B7161B3BB95600CBB7FC /* firstTab@2x.png */,
				B671B7171B3BB95600CBB7FC /* secondTab.png */,
				B671B7181B3BB95600CBB7FC /* secondTab@2x.png */,
				B6CA03F31B3ABA27001EC429 /* ranking_p_n.png */,
				B6CA03F41B3ABA27001EC429 /* ranking_p_n@3x.png */,
				B671B71D1B3BBB2200CBB7FC /* thirdTab.png */,
				B671B71E1B3BBB2200CBB7FC /* thirdTab@2x.png */,
			);
			path = Images;
			sourceTree = "<group>";
		};
		B6CA04031B3ABFF6001EC429 /* ViewController */ = {
			isa = PBXGroup;
			children = (
				B671B7211B3BD97100CBB7FC /* ThirdViewController.h */,
				B671B7221B3BD97100CBB7FC /* ThirdViewController.m */,
				B6CA04071B3AC14A001EC429 /* RootViewController.h */,
				B6CA04081B3AC14A001EC429 /* RootViewController.m */,
				B6CA03DE1B3AB70C001EC429 /* FirstViewController.h */,
				B6CA03DF1B3AB70C001EC429 /* FirstViewController.m */,
				B6CA03E11B3AB70C001EC429 /* SecondViewController.h */,
				B6CA03E21B3AB70C001EC429 /* SecondViewController.m */,
			);
			name = ViewController;
			sourceTree = "<group>";
		};
/* End PBXGroup section */

/* Begin PBXNativeTarget section */
		B6CA03D41B3AB70C001EC429 /* demo */ = {
			isa = PBXNativeTarget;
			buildConfigurationList = B6CA03EF1B3AB70C001EC429 /* Build configuration list for PBXNativeTarget "demo" */;
			buildPhases = (
				B6CA03D11B3AB70C001EC429 /* Sources */,
				B6CA03D21B3AB70C001EC429 /* Frameworks */,
				B6CA03D31B3AB70C001EC429 /* Resources */,
			);
			buildRules = (
			);
			dependencies = (
			);
			name = demo;
			productName = demo;
			productReference = B6CA03D51B3AB70C001EC429 /* demo.app */;
			productType = "com.apple.product-type.application";
		};
/* End PBXNativeTarget section */

/* Begin PBXProject section */
		B6CA03CD1B3AB70C001EC429 /* Project object */ = {
			isa = PBXProject;
			attributes = {
				KnownAssetTags = (
					cmmm,
					d,
				);
				LastUpgradeCheck = 0700;
				ORGANIZATIONNAME = xionghao;
				TargetAttributes = {
					B6CA03D41B3AB70C001EC429 = {
						CreatedOnToolsVersion = 7.0;
						DevelopmentTeam = HHZ43EXLKY;
						SystemCapabilities = {
							com.apple.BackgroundModes = {
								enabled = 1;
							};
						};
					};
				};
			};
			buildConfigurationList = B6CA03D01B3AB70C001EC429 /* Build configuration list for PBXProject "demo" */;
			compatibilityVersion = "Xcode 3.2";
			developmentRegion = English;
			hasScannedForEncodings = 0;
			knownRegions = (
				en,
				Base,
			);
			mainGroup = B6CA03CC1B3AB70C001EC429;
			productRefGroup = B6CA03D61B3AB70C001EC429 /* Products */;
			projectDirPath = "";
			projectRoot = "";
			targets = (
				B6CA03D41B3AB70C001EC429 /* demo */,
			);
		};
/* End PBXProject section */

/* Begin PBXResourcesBuildPhase section */
		B6CA03D31B3AB70C001EC429 /* Resources */ = {
			isa = PBXResourcesBuildPhase;
			buildActionMask = 2147483647;
			files = (
				B671B71B1B3BB95600CBB7FC /* secondTab.png in Resources */,
				B6CA03EB1B3AB70C001EC429 /* LaunchScreen.storyboard in Resources */,
				B6CA03FB1B3ABA27001EC429 /* ranking_p_n.png in Resources */,
				B671B7281B3C03BC00CBB7FC /* BBB.mp4 in Resources */,
				B6CA03FC1B3ABA27001EC429 /* ranking_p_n@3x.png in Resources */,
				B671B71F1B3BBB2200CBB7FC /* thirdTab.png in Resources */,
				B671B71A1B3BB95600CBB7FC /* firstTab@2x.png in Resources */,
				B671B71C1B3BB95600CBB7FC /* secondTab@2x.png in Resources */,
				B671B7191B3BB95600CBB7FC /* firstTab.png in Resources */,
				B671B7201B3BBB2200CBB7FC /* thirdTab@2x.png in Resources */,
				B6CA03E81B3AB70C001EC429 /* Assets.xcassets in Resources */,
			);
			runOnlyForDeploymentPostprocessing = 0;
		};
/* End PBXResourcesBuildPhase section */

/* Begin PBXSourcesBuildPhase section */
		B6CA03D11B3AB70C001EC429 /* Sources */ = {
			isa = PBXSourcesBuildPhase;
			buildActionMask = 2147483647;
			files = (
				B6CA03E31B3AB70C001EC429 /* SecondViewController.m in Sources */,
				B6CA03DD1B3AB70C001EC429 /* AppDelegate.m in Sources */,
				B671B7231B3BD97100CBB7FC /* ThirdViewController.m in Sources */,
				B6CA03E01B3AB70C001EC429 /* FirstViewController.m in Sources */,
				B6CA03DA1B3AB70C001EC429 /* main.m in Sources */,
				B671B73C1B3D2F1A00CBB7FC /* ClockView.m in Sources */,
				B6CA04091B3AC14A001EC429 /* RootViewController.m in Sources */,
				B671B7261B3BFE0000CBB7FC /* VideoPlayerView.m in Sources */,
			);
			runOnlyForDeploymentPostprocessing = 0;
		};
/* End PBXSourcesBuildPhase section */

/* Begin PBXVariantGroup section */
		B6CA03E91B3AB70C001EC429 /* LaunchScreen.storyboard */ = {
			isa = PBXVariantGroup;
			children = (
				B6CA03EA1B3AB70C001EC429 /* Base */,
			);
			name = LaunchScreen.storyboard;
			sourceTree = "<group>";
		};
/* End PBXVariantGroup section */

/* Begin XCBuildConfiguration section */
		B6CA03ED1B3AB70C001EC429 /* Debug */ = {
			isa = XCBuildConfiguration;
			buildSettings = {
				ALWAYS_SEARCH_USER_PATHS = NO;
				CLANG_CXX_LANGUAGE_STANDARD = "gnu++0x";
				CLANG_CXX_LIBRARY = "libc++";
				CLANG_ENABLE_MODULES = YES;
				CLANG_ENABLE_OBJC_ARC = YES;
				CLANG_WARN_BOOL_CONVERSION = YES;
				CLANG_WARN_CONSTANT_CONVERSION = YES;
				CLANG_WARN_DIRECT_OBJC_ISA_USAGE = YES_ERROR;
				CLANG_WARN_EMPTY_BODY = YES;
				CLANG_WARN_ENUM_CONVERSION = YES;
				CLANG_WARN_INT_CONVERSION = YES;
				CLANG_WARN_OBJC_ROOT_CLASS = YES_ERROR;
				CLANG_WARN_UNREACHABLE_CODE = YES;
				CLANG_WARN__DUPLICATE_METHOD_MATCH = YES;
				"CODE_SIGN_IDENTITY[sdk=iphoneos*]" = "iPhone Developer";
				COPY_PHASE_STRIP = NO;
				DEBUG_INFORMATION_FORMAT = dwarf;
				ENABLE_STRICT_OBJC_MSGSEND = YES;
				ENABLE_TESTABILITY = YES;
				GCC_C_LANGUAGE_STANDARD = gnu99;
				GCC_DYNAMIC_NO_PIC = NO;
				GCC_NO_COMMON_BLOCKS = YES;
				GCC_OPTIMIZATION_LEVEL = 0;
				GCC_PREPROCESSOR_DEFINITIONS = (
					"DEBUG=1",
					"$(inherited)",
				);
				GCC_WARN_64_TO_32_BIT_CONVERSION = YES;
				GCC_WARN_ABOUT_RETURN_TYPE = YES_ERROR;
				GCC_WARN_UNDECLARED_SELECTOR = YES;
				GCC_WARN_UNINITIALIZED_AUTOS = YES_AGGRESSIVE;
				GCC_WARN_UNUSED_FUNCTION = YES;
				GCC_WARN_UNUSED_VARIABLE = YES;
				IPHONEOS_DEPLOYMENT_TARGET = 9.0;
				MTL_ENABLE_DEBUG_INFO = YES;
				ONLY_ACTIVE_ARCH = YES;
				SDKROOT = iphoneos;
				TARGETED_DEVICE_FAMILY = "1,2";
			};
			name = Debug;
		};
		B6CA03EE1B3AB70C001EC429 /* Release */ = {
			isa = XCBuildConfiguration;
			buildSettings = {
				ALWAYS_SEARCH_USER_PATHS = NO;
				CLANG_CXX_LANGUAGE_STANDARD = "gnu++0x";
				CLANG_CXX_LIBRARY = "libc++";
				CLANG_ENABLE_MODULES = YES;
				CLANG_ENABLE_OBJC_ARC = YES;
				CLANG_WARN_BOOL_CONVERSION = YES;
				CLANG_WARN_CONSTANT_CONVERSION = YES;
				CLANG_WARN_DIRECT_OBJC_ISA_USAGE = YES_ERROR;
				CLANG_WARN_EMPTY_BODY = YES;
				CLANG_WARN_ENUM_CONVERSION = YES;
				CLANG_WARN_INT_CONVERSION = YES;
				CLANG_WARN_OBJC_ROOT_CLASS = YES_ERROR;
				CLANG_WARN_UNREACHABLE_CODE = YES;
				CLANG_WARN__DUPLICATE_METHOD_MATCH = YES;
				"CODE_SIGN_IDENTITY[sdk=iphoneos*]" = "iPhone Developer";
				COPY_PHASE_STRIP = NO;
				DEBUG_INFORMATION_FORMAT = "dwarf-with-dsym";
				ENABLE_NS_ASSERTIONS = NO;
				ENABLE_STRICT_OBJC_MSGSEND = YES;
				GCC_C_LANGUAGE_STANDARD = gnu99;
				GCC_NO_COMMON_BLOCKS = YES;
				GCC_WARN_64_TO_32_BIT_CONVERSION = YES;
				GCC_WARN_ABOUT_RETURN_TYPE = YES_ERROR;
				GCC_WARN_UNDECLARED_SELECTOR = YES;
				GCC_WARN_UNINITIALIZED_AUTOS = YES_AGGRESSIVE;
				GCC_WARN_UNUSED_FUNCTION = YES;
				GCC_WARN_UNUSED_VARIABLE = YES;
				IPHONEOS_DEPLOYMENT_TARGET = 9.0;
				MTL_ENABLE_DEBUG_INFO = NO;
				SDKROOT = iphoneos;
				TARGETED_DEVICE_FAMILY = "1,2";
				VALIDATE_PRODUCT = YES;
			};
			name = Release;
		};
		B6CA03F01B3AB70C001EC429 /* Debug */ = {
			isa = XCBuildConfiguration;
			buildSettings = {
				ASSETCATALOG_COMPILER_APPICON_NAME = AppIcon;
				CODE_SIGN_IDENTITY = "iPhone Developer";
				INFOPLIST_FILE = demo/Info.plist;
				LD_RUNPATH_SEARCH_PATHS = "$(inherited) @executable_path/Frameworks";
				PRODUCT_BUNDLE_IDENTIFIER = xh.demo;
				PRODUCT_NAME = "$(TARGET_NAME)";
			};
			name = Debug;
		};
		B6CA03F11B3AB70C001EC429 /* Release */ = {
			isa = XCBuildConfiguration;
			buildSettings = {
				ASSETCATALOG_COMPILER_APPICON_NAME = AppIcon;
				CODE_SIGN_IDENTITY = "iPhone Developer";
				INFOPLIST_FILE = demo/Info.plist;
				LD_RUNPATH_SEARCH_PATHS = "$(inherited) @executable_path/Frameworks";
				PRODUCT_BUNDLE_IDENTIFIER = xh.demo;
				PRODUCT_NAME = "$(TARGET_NAME)";
			};
			name = Release;
		};
/* End XCBuildConfiguration section */

/* Begin XCConfigurationList section */
		B6CA03D01B3AB70C001EC429 /* Build configuration list for PBXProject "demo" */ = {
			isa = XCConfigurationList;
			buildConfigurations = (
				B6CA03ED1B3AB70C001EC429 /* Debug */,
				B6CA03EE1B3AB70C001EC429 /* Release */,
			);
			defaultConfigurationIsVisible = 0;
			defaultConfigurationName = Release;
		};
		B6CA03EF1B3AB70C001EC429 /* Build configuration list for PBXNativeTarget "demo" */ = {
			isa = XCConfigurationList;
			buildConfigurations = (
				B6CA03F01B3AB70C001EC429 /* Debug */,
				B6CA03F11B3AB70C001EC429 /* Release */,
			);
			defaultConfigurationIsVisible = 0;
			defaultConfigurationName = Release;
		};
/* End XCConfigurationList section */
	};
	rootObject = B6CA03CD1B3AB70C001EC429 /* Project object */;
}
